
Microsoft Visual Studio Solution File, Format Version 12.00
# Visual Studio Version 17
VisualStudioVersion = 17.12.35506.116
MinimumVisualStudioVersion = 10.0.40219.1
Project("{FAE04EC0-301F-11D3-BF4B-00C04F79EFBC}") = "Algo", "Algo\Algo.csproj", "{4F3814F3-5545-4FC5-A4D6-BC59D3C58220}"
EndProject
Project("{FAE04EC0-301F-11D3-BF4B-00C04F79EFBC}") = "UnitTestProject2", "UnitTestProject2\UnitTestProject2.csproj", "{737348C4-AB97-4D79-A004-A5AE608F6CE1}"
EndProject
Global
	GlobalSection(SolutionConfigurationPlatforms) = preSolution
		Debug|Any CPU = Debug|Any CPU
		Release|Any CPU = Release|Any CPU
	EndGlobalSection
	GlobalSection(ProjectConfigurationPlatforms) = postSolution
		{4F3814F3-5545-4FC5-A4D6-BC59D3C58220}.Debug|Any CPU.ActiveCfg = Debug|Any CPU
		{4F3814F3-5545-4FC5-A4D6-BC59D3C58220}.Debug|Any CPU.Build.0 = Debug|Any CPU
		{4F3814F3-5545-4FC5-A4D6-BC59D3C58220}.Release|Any CPU.ActiveCfg = Release|Any CPU
		{4F3814F3-5545-4FC5-A4D6-BC59D3C58220}.Release|Any CPU.Build.0 = Release|Any CPU
		{737348C4-AB97-4D79-A004-A5AE608F6CE1}.Debug|Any CPU.ActiveCfg = Debug|Any CPU
		{737348C4-AB97-4D79-A004-A5AE608F6CE1}.Debug|Any CPU.Build.0 = Debug|Any CPU
		{737348C4-AB97-4D79-A004-A5AE608F6CE1}.Release|Any CPU.ActiveCfg = Release|Any CPU
		{737348C4-AB97-4D79-A004-A5AE608F6CE1}.Release|Any CPU.Build.0 = Release|Any CPU
	EndGlobalSection
	GlobalSection(SolutionProperties) = preSolution
		HideSolutionNode = FALSE
	EndGlobalSection
EndGlobal
